// !$*UTF8*$!
{
	archiveVersion = 1;
	classes = {
	};
	objectVersion = 50;
	objects = {

/* Begin PBXBuildFile section */
		E758D6A523754FFD00323783 /* ThreeViewController.m in Sources */ = {isa = PBXBuildFile; fileRef = E758D6A423754FFD00323783 /* ThreeViewController.m */; };
		E758D6A8237569EA00323783 /* UIViewController+ChangeUI.m in Sources */ = {isa = PBXBuildFile; fileRef = E758D6A7237569EA00323783 /* UIViewController+ChangeUI.m */; };
		E7C6BB7F236AE7CE002B77E8 /* AppDelegate.m in Sources */ = {isa = PBXBuildFile; fileRef = E7C6BB7E236AE7CE002B77E8 /* AppDelegate.m */; };
		E7C6BB85236AE7CE002B77E8 /* ViewController.m in Sources */ = {isa = PBXBuildFile; fileRef = E7C6BB84236AE7CE002B77E8 /* ViewController.m */; };
		E7C6BB8A236AE7D0002B77E8 /* Assets.xcassets in Resources */ = {isa = PBXBuildFile; fileRef = E7C6BB89236AE7D0002B77E8 /* Assets.xcassets */; };
		E7C6BB8D236AE7D0002B77E8 /* LaunchScreen.storyboard in Resources */ = {isa = PBXBuildFile; fileRef = E7C6BB8B236AE7D0002B77E8 /* LaunchScreen.storyboard */; };
		E7C6BB90236AE7D0002B77E8 /* main.m in Sources */ = {isa = PBXBuildFile; fileRef = E7C6BB8F236AE7D0002B77E8 /* main.m */; };
		E7C6BB9A236AE7D0002B77E8 /* PresentViewTests.m in Sources */ = {isa = PBXBuildFile; fileRef = E7C6BB99236AE7D0002B77E8 /* PresentViewTests.m */; };
		E7C6BBA5236AE7D0002B77E8 /* PresentViewUITests.m in Sources */ = {isa = PBXBuildFile; fileRef = E7C6BBA4236AE7D0002B77E8 /* PresentViewUITests.m */; };
		E7E6A3E523742AE6004509AD /* SecondViewController.xib in Resources */ = {isa = PBXBuildFile; fileRef = E7E6A3E223742AE6004509AD /* SecondViewController.xib */; };
		E7E6A3E623742AE6004509AD /* SecondViewController.m in Sources */ = {isa = PBXBuildFile; fileRef = E7E6A3E423742AE6004509AD /* SecondViewController.m */; };
/* End PBXBuildFile section */

/* Begin PBXContainerItemProxy section */
		E7C6BB96236AE7D0002B77E8 /* PBXContainerItemProxy */ = {
			isa = PBXContainerItemProxy;
			containerPortal = E7C6BB72236AE7CE002B77E8 /* Project object */;
			proxyType = 1;
			remoteGlobalIDString = E7C6BB79236AE7CE002B77E8;
			remoteInfo = PresentView;
		};
		E7C6BBA1236AE7D0002B77E8 /* PBXContainerItemProxy */ = {
			isa = PBXContainerItemProxy;
			containerPortal = E7C6BB72236AE7CE002B77E8 /* Project object */;
			proxyType = 1;
			remoteGlobalIDString = E7C6BB79236AE7CE002B77E8;
			remoteInfo = PresentView;
		};
/* End PBXContainerItemProxy section */

/* Begin PBXFileReference section */
		E758D6A323754FFD00323783 /* ThreeViewController.h */ = {isa = PBXFileReference; lastKnownFileType = sourcecode.c.h; path = ThreeViewController.h; sourceTree = "<group>"; };
		E758D6A423754FFD00323783 /* ThreeViewController.m */ = {isa = PBXFileReference; lastKnownFileType = sourcecode.c.objc; path = ThreeViewController.m; sourceTree = "<group>"; };
		E758D6A6237569EA00323783 /* UIViewController+ChangeUI.h */ = {isa = PBXFileReference; fileEncoding = 4; lastKnownFileType = sourcecode.c.h; path = "UIViewController+ChangeUI.h"; sourceTree = "<group>"; };
		E758D6A7237569EA00323783 /* UIViewController+ChangeUI.m */ = {isa = PBXFileReference; fileEncoding = 4; lastKnownFileType = sourcecode.c.objc; path = "UIViewController+ChangeUI.m"; sourceTree = "<group>"; };
		E7C6BB7A236AE7CE002B77E8 /* PresentView.app */ = {isa = PBXFileReference; explicitFileType = wrapper.application; includeInIndex = 0; path = PresentView.app; sourceTree = BUILT_PRODUCTS_DIR; };
		E7C6BB7D236AE7CE002B77E8 /* AppDelegate.h */ = {isa = PBXFileReference; lastKnownFileType = sourcecode.c.h; path = AppDelegate.h; sourceTree = "<group>"; };
		E7C6BB7E236AE7CE002B77E8 /* AppDelegate.m */ = {isa = PBXFileReference; lastKnownFileType = sourcecode.c.objc; path = AppDelegate.m; sourceTree = "<group>"; };
		E7C6BB83236AE7CE002B77E8 /* ViewController.h */ = {isa = PBXFileReference; lastKnownFileType = sourcecode.c.h; path = ViewController.h; sourceTree = "<group>"; };
		E7C6BB84236AE7CE002B77E8 /* ViewController.m */ = {isa = PBXFileReference; lastKnownFileType = sourcecode.c.objc; path = ViewController.m; sourceTree = "<group>"; };
		E7C6BB89236AE7D0002B77E8 /* Assets.xcassets */ = {isa = PBXFileReference; lastKnownFileType = folder.assetcatalog; path = Assets.xcassets; sourceTree = "<group>"; };
		E7C6BB8C236AE7D0002B77E8 /* Base */ = {isa = PBXFileReference; lastKnownFileType = file.storyboard; name = Base; path = Base.lproj/LaunchScreen.storyboard; sourceTree = "<group>"; };
		E7C6BB8E236AE7D0002B77E8 /* Info.plist */ = {isa = PBXFileReference; lastKnownFileType = text.plist.xml; path = Info.plist; sourceTree = "<group>"; };
		E7C6BB8F236AE7D0002B77E8 /* main.m */ = {isa = PBXFileReference; lastKnownFileType = sourcecode.c.objc; path = main.m; sourceTree = "<group>"; };
		E7C6BB95236AE7D0002B77E8 /* PresentViewTests.xctest */ = {isa = PBXFileReference; explicitFileType = wrapper.cfbundle; includeInIndex = 0; path = PresentViewTests.xctest; sourceTree = BUILT_PRODUCTS_DIR; };
		E7C6BB99236AE7D0002B77E8 /* PresentViewTests.m */ = {isa = PBXFileReference; lastKnownFileType = sourcecode.c.objc; path = PresentViewTests.m; sourceTree = "<group>"; };
		E7C6BB9B236AE7D0002B77E8 /* Info.plist */ = {isa = PBXFileReference; lastKnownFileType = text.plist.xml; path = Info.plist; sourceTree = "<group>"; };
		E7C6BBA0236AE7D0002B77E8 /* PresentViewUITests.xctest */ = {isa = PBXFileReference; explicitFileType = wrapper.cfbundle; includeInIndex = 0; path = PresentViewUITests.xctest; sourceTree = BUILT_PRODUCTS_DIR; };
		E7C6BBA4236AE7D0002B77E8 /* PresentViewUITests.m */ = {isa = PBXFileReference; lastKnownFileType = sourcecode.c.objc; path = PresentViewUITests.m; sourceTree = "<group>"; };
		E7C6BBA6236AE7D0002B77E8 /* Info.plist */ = {isa = PBXFileReference; lastKnownFileType = text.plist.xml; path = Info.plist; sourceTree = "<group>"; };
		E7E6A3E223742AE6004509AD /* SecondViewController.xib */ = {isa = PBXFileReference; fileEncoding = 4; lastKnownFileType = file.xib; path = SecondViewController.xib; sourceTree = "<group>"; };
		E7E6A3E323742AE6004509AD /* SecondViewController.h */ = {isa = PBXFileReference; fileEncoding = 4; lastKnownFileType = sourcecode.c.h; path = SecondViewController.h; sourceTree = "<group>"; };
		E7E6A3E423742AE6004509AD /* SecondViewController.m */ = {isa = PBXFileReference; fileEncoding = 4; lastKnownFileType = sourcecode.c.objc; path = SecondViewController.m; sourceTree = "<group>"; };
/* End PBXFileReference section */

/* Begin PBXFrameworksBuildPhase section */
		E7C6BB77236AE7CE002B77E8 /* Frameworks */ = {
			isa = PBXFrameworksBuildPhase;
			buildActionMask = 2147483647;
			files = (
			);
			runOnlyForDeploymentPostprocessing = 0;
		};
		E7C6BB92236AE7D0002B77E8 /* Frameworks */ = {
			isa = PBXFrameworksBuildPhase;
			buildActionMask = 2147483647;
			files = (
			);
			runOnlyForDeploymentPostprocessing = 0;
		};
		E7C6BB9D236AE7D0002B77E8 /* Frameworks */ = {
			isa = PBXFrameworksBuildPhase;
			buildActionMask = 2147483647;
			files = (
			);
			runOnlyForDeploymentPostprocessing = 0;
		};
/* End PBXFrameworksBuildPhase section */

/* Begin PBXGroup section */
		E7C6BB71236AE7CE002B77E8 = {
			isa = PBXGroup;
			children = (
				E7C6BB7C236AE7CE002B77E8 /* PresentView */,
				E7C6BB98236AE7D0002B77E8 /* PresentViewTests */,
				E7C6BBA3236AE7D0002B77E8 /* PresentViewUITests */,
				E7C6BB7B236AE7CE002B77E8 /* Products */,
			);
			sourceTree = "<group>";
		};
		E7C6BB7B236AE7CE002B77E8 /* Products */ = {
			isa = PBXGroup;
			children = (
				E7C6BB7A236AE7CE002B77E8 /* PresentView.app */,
				E7C6BB95236AE7D0002B77E8 /* PresentViewTests.xctest */,
				E7C6BBA0236AE7D0002B77E8 /* PresentViewUITests.xctest */,
			);
			name = Products;
			sourceTree = "<group>";
		};
		E7C6BB7C236AE7CE002B77E8 /* PresentView */ = {
			isa = PBXGroup;
			children = (
				E7C6BB7D236AE7CE002B77E8 /* AppDelegate.h */,
				E7C6BB7E236AE7CE002B77E8 /* AppDelegate.m */,
				E758D6A6237569EA00323783 /* UIViewController+ChangeUI.h */,
				E758D6A7237569EA00323783 /* UIViewController+ChangeUI.m */,
				E7C6BB83236AE7CE002B77E8 /* ViewController.h */,
				E7C6BB84236AE7CE002B77E8 /* ViewController.m */,
				E758D6A323754FFD00323783 /* ThreeViewController.h */,
				E758D6A423754FFD00323783 /* ThreeViewController.m */,
				E7E6A3E323742AE6004509AD /* SecondViewController.h */,
				E7E6A3E423742AE6004509AD /* SecondViewController.m */,
				E7E6A3E223742AE6004509AD /* SecondViewController.xib */,
				E7C6BB89236AE7D0002B77E8 /* Assets.xcassets */,
				E7C6BB8B236AE7D0002B77E8 /* LaunchScreen.storyboard */,
				E7C6BB8E236AE7D0002B77E8 /* Info.plist */,
				E7C6BB8F236AE7D0002B77E8 /* main.m */,
			);
			path = PresentView;
			sourceTree = "<group>";
		};
		E7C6BB98236AE7D0002B77E8 /* PresentViewTests */ = {
			isa = PBXGroup;
			children = (
				E7C6BB99236AE7D0002B77E8 /* PresentViewTests.m */,
				E7C6BB9B236AE7D0002B77E8 /* Info.plist */,
			);
			path = PresentViewTests;
			sourceTree = "<group>";
		};
		E7C6BBA3236AE7D0002B77E8 /* PresentViewUITests */ = {
			isa = PBXGroup;
			children = (
				E7C6BBA4236AE7D0002B77E8 /* PresentViewUITests.m */,
				E7C6BBA6236AE7D0002B77E8 /* Info.plist */,
			);
			path = PresentViewUITests;
			sourceTree = "<group>";
		};
/* End PBXGroup section */

/* Begin PBXNativeTarget section */
		E7C6BB79236AE7CE002B77E8 /* PresentView */ = {
			isa = PBXNativeTarget;
			buildConfigurationList = E7C6BBA9236AE7D0002B77E8 /* Build configuration list for PBXNativeTarget "PresentView" */;
			buildPhases = (
				E7C6BB76236AE7CE002B77E8 /* Sources */,
				E7C6BB77236AE7CE002B77E8 /* Frameworks */,
				E7C6BB78236AE7CE002B77E8 /* Resources */,
			);
			buildRules = (
			);
			dependencies = (
			);
			name = PresentView;
			productName = PresentView;
			productReference = E7C6BB7A236AE7CE002B77E8 /* PresentView.app */;
			productType = "com.apple.product-type.application";
		};
		E7C6BB94236AE7D0002B77E8 /* PresentViewTests */ = {
			isa = PBXNativeTarget;
			buildConfigurationList = E7C6BBAC236AE7D0002B77E8 /* Build configuration list for PBXNativeTarget "PresentViewTests" */;
			buildPhases = (
				E7C6BB91236AE7D0002B77E8 /* Sources */,
				E7C6BB92236AE7D0002B77E8 /* Frameworks */,
				E7C6BB93236AE7D0002B77E8 /* Resources */,
			);
			buildRules = (
			);
			dependencies = (
				E7C6BB97236AE7D0002B77E8 /* PBXTargetDependency */,
			);
			name = PresentViewTests;
			productName = PresentViewTests;
			productReference = E7C6BB95236AE7D0002B77E8 /* PresentViewTests.xctest */;
			productType = "com.apple.product-type.bundle.unit-test";
		};
		E7C6BB9F236AE7D0002B77E8 /* PresentViewUITests */ = {
			isa = PBXNativeTarget;
			buildConfigurationList = E7C6BBAF236AE7D0002B77E8 /* Build configuration list for PBXNativeTarget "PresentViewUITests" */;
			buildPhases = (
				E7C6BB9C236AE7D0002B77E8 /* Sources */,
				E7C6BB9D236AE7D0002B77E8 /* Frameworks */,
				E7C6BB9E236AE7D0002B77E8 /* Resources */,
			);
			buildRules = (
			);
			dependencies = (
				E7C6BBA2236AE7D0002B77E8 /* PBXTargetDependency */,
			);
			name = PresentViewUITests;
			productName = PresentViewUITests;
			productReference = E7C6BBA0236AE7D0002B77E8 /* PresentViewUITests.xctest */;
			productType = "com.apple.product-type.bundle.ui-testing";
		};
/* End PBXNativeTarget section */

/* Begin PBXProject section */
		E7C6BB72236AE7CE002B77E8 /* Project object */ = {
			isa = PBXProject;
			attributes = {
				LastUpgradeCheck = 1110;
				ORGANIZATIONNAME = gaor;
				TargetAttributes = {
					E7C6BB79236AE7CE002B77E8 = {
						CreatedOnToolsVersion = 11.1;
					};
					E7C6BB94236AE7D0002B77E8 = {
						CreatedOnToolsVersion = 11.1;
						TestTargetID = E7C6BB79236AE7CE002B77E8;
					};
					E7C6BB9F236AE7D0002B77E8 = {
						CreatedOnToolsVersion = 11.1;
						TestTargetID = E7C6BB79236AE7CE002B77E8;
					};
				};
			};
			buildConfigurationList = E7C6BB75236AE7CE002B77E8 /* Build configuration list for PBXProject "PresentView" */;
			compatibilityVersion = "Xcode 9.3";
			developmentRegion = en;
			hasScannedForEncodings = 0;
			knownRegions = (
				en,
				Base,
			);
			mainGroup = E7C6BB71236AE7CE002B77E8;
			productRefGroup = E7C6BB7B236AE7CE002B77E8 /* Products */;
			projectDirPath = "";
			projectRoot = "";
			targets = (
				E7C6BB79236AE7CE002B77E8 /* PresentView */,
				E7C6BB94236AE7D0002B77E8 /* PresentViewTests */,
				E7C6BB9F236AE7D0002B77E8 /* PresentViewUITests */,
			);
		};
/* End PBXProject section */

/* Begin PBXResourcesBuildPhase section */
		E7C6BB78236AE7CE002B77E8 /* Resources */ = {
			isa = PBXResourcesBuildPhase;
			buildActionMask = 2147483647;
			files = (
				E7C6BB8D236AE7D0002B77E8 /* LaunchScreen.storyboard in Resources */,
				E7C6BB8A236AE7D0002B77E8 /* Assets.xcassets in Resources */,
				E7E6A3E523742AE6004509AD /* SecondViewController.xib in Resources */,
			);
			runOnlyForDeploymentPostprocessing = 0;
		};
		E7C6BB93236AE7D0002B77E8 /* Resources */ = {
			isa = PBXResourcesBuildPhase;
			buildActionMask = 2147483647;
			files = (
			);
			runOnlyForDeploymentPostprocessing = 0;
		};
		E7C6BB9E236AE7D0002B77E8 /* Resources */ = {
			isa = PBXResourcesBuildPhase;
			buildActionMask = 2147483647;
			files = (
			);
			runOnlyForDeploymentPostprocessing = 0;
		};
/* End PBXResourcesBuildPhase section */

/* Begin PBXSourcesBuildPhase section */
		E7C6BB76236AE7CE002B77E8 /* Sources */ = {
			isa = PBXSourcesBuildPhase;
			buildActionMask = 2147483647;
			files = (
				E7E6A3E623742AE6004509AD /* SecondViewController.m in Sources */,
				E7C6BB85236AE7CE002B77E8 /* ViewController.m in Sources */,
				E7C6BB7F236AE7CE002B77E8 /* AppDelegate.m in Sources */,
				E758D6A523754FFD00323783 /* ThreeViewController.m in Sources */,
				E758D6A8237569EA00323783 /* UIViewController+ChangeUI.m in Sources */,
				E7C6BB90236AE7D0002B77E8 /* main.m in Sources */,
			);
			runOnlyForDeploymentPostprocessing = 0;
		};
		E7C6BB91236AE7D0002B77E8 /* Sources */ = {
			isa = PBXSourcesBuildPhase;
			buildActionMask = 2147483647;
			files = (
				E7C6BB9A236AE7D0002B77E8 /* PresentViewTests.m in Sources */,
			);
			runOnlyForDeploymentPostprocessing = 0;
		};
		E7C6BB9C236AE7D0002B77E8 /* Sources */ = {
			isa = PBXSourcesBuildPhase;
			buildActionMask = 2147483647;
			files = (
				E7C6BBA5236AE7D0002B77E8 /* PresentViewUITests.m in Sources */,
			);
			runOnlyForDeploymentPostprocessing = 0;
		};
/* End PBXSourcesBuildPhase section */

/* Begin PBXTargetDependency section */
		E7C6BB97236AE7D0002B77E8 /* PBXTargetDependency */ = {
			isa = PBXTargetDependency;
			target = E7C6BB79236AE7CE002B77E8 /* PresentView */;
			targetProxy = E7C6BB96236AE7D0002B77E8 /* PBXContainerItemProxy */;
		};
		E7C6BBA2236AE7D0002B77E8 /* PBXTargetDependency */ = {
			isa = PBXTargetDependency;
			target = E7C6BB79236AE7CE002B77E8 /* PresentView */;
			targetProxy = E7C6BBA1236AE7D0002B77E8 /* PBXContainerItemProxy */;
		};
/* End PBXTargetDependency section */

/* Begin PBXVariantGroup section */
		E7C6BB8B236AE7D0002B77E8 /* LaunchScreen.storyboard */ = {
			isa = PBXVariantGroup;
			children = (
				E7C6BB8C236AE7D0002B77E8 /* Base */,
			);
			name = LaunchScreen.storyboard;
			sourceTree = "<group>";
		};
/* End PBXVariantGroup section */

/* Begin XCBuildConfiguration section */
		E7C6BBA7236AE7D0002B77E8 /* Debug */ = {
			isa = XCBuildConfiguration;
			buildSettings = {
				ALWAYS_SEARCH_USER_PATHS = NO;
				CLANG_ANALYZER_NONNULL = YES;
				CLANG_ANALYZER_NUMBER_OBJECT_CONVERSION = YES_AGGRESSIVE;
				CLANG_CXX_LANGUAGE_STANDARD = "gnu++14";
				CLANG_CXX_LIBRARY = "libc++";
				CLANG_ENABLE_MODULES = YES;
				CLANG_ENABLE_OBJC_ARC = YES;
				CLANG_ENABLE_OBJC_WEAK = YES;
				CLANG_WARN_BLOCK_CAPTURE_AUTORELEASING = YES;
				CLANG_WARN_BOOL_CONVERSION = YES;
				CLANG_WARN_COMMA = YES;
				CLANG_WARN_CONSTANT_CONVERSION = YES;
				CLANG_WARN_DEPRECATED_OBJC_IMPLEMENTATIONS = YES;
				CLANG_WARN_DIRECT_OBJC_ISA_USAGE = YES_ERROR;
				CLANG_WARN_DOCUMENTATION_COMMENTS = YES;
				CLANG_WARN_EMPTY_BODY = YES;
				CLANG_WARN_ENUM_CONVERSION = YES;
				CLANG_WARN_INFINITE_RECURSION = YES;
				CLANG_WARN_INT_CONVERSION = YES;
				CLANG_WARN_NON_LITERAL_NULL_CONVERSION = YES;
				CLANG_WARN_OBJC_IMPLICIT_RETAIN_SELF = YES;
				CLANG_WARN_OBJC_LITERAL_CONVERSION = YES;
				CLANG_WARN_OBJC_ROOT_CLASS = YES_ERROR;
				CLANG_WARN_RANGE_LOOP_ANALYSIS = YES;
				CLANG_WARN_STRICT_PROTOTYPES = YES;
				CLANG_WARN_SUSPICIOUS_MOVE = YES;
				CLANG_WARN_UNGUARDED_AVAILABILITY = YES_AGGRESSIVE;
				CLANG_WARN_UNREACHABLE_CODE = YES;
				CLANG_WARN__DUPLICATE_METHOD_MATCH = YES;
				COPY_PHASE_STRIP = NO;
				DEBUG_INFORMATION_FORMAT = dwarf;
				ENABLE_STRICT_OBJC_MSGSEND = YES;
				ENABLE_TESTABILITY = YES;
				GCC_C_LANGUAGE_STANDARD = gnu11;
				GCC_DYNAMIC_NO_PIC = NO;
				GCC_NO_COMMON_BLOCKS = YES;
				GCC_OPTIMIZATION_LEVEL = 0;
				GCC_PREPROCESSOR_DEFINITIONS = (
					"DEBUG=1",
					"$(inherited)",
				);
				GCC_WARN_64_TO_32_BIT_CONVERSION = YES;
				GCC_WARN_ABOUT_RETURN_TYPE = YES_ERROR;
				GCC_WARN_UNDECLARED_SELECTOR = YES;
				GCC_WARN_UNINITIALIZED_AUTOS = YES_AGGRESSIVE;
				GCC_WARN_UNUSED_FUNCTION = YES;
				GCC_WARN_UNUSED_VARIABLE = YES;
				IPHONEOS_DEPLOYMENT_TARGET = 13.1;
				MTL_ENABLE_DEBUG_INFO = INCLUDE_SOURCE;
				MTL_FAST_MATH = YES;
				ONLY_ACTIVE_ARCH = YES;
				SDKROOT = iphoneos;
			};
			name = Debug;
		};
		E7C6BBA8236AE7D0002B77E8 /* Release */ = {
			isa = XCBuildConfiguration;
			buildSettings = {
				ALWAYS_SEARCH_USER_PATHS = NO;
				CLANG_ANALYZER_NONNULL = YES;
				CLANG_ANALYZER_NUMBER_OBJECT_CONVERSION = YES_AGGRESSIVE;
				CLANG_CXX_LANGUAGE_STANDARD = "gnu++14";
				CLANG_CXX_LIBRARY = "libc++";
				CLANG_ENABLE_MODULES = YES;
				CLANG_ENABLE_OBJC_ARC = YES;
				CLANG_ENABLE_OBJC_WEAK = YES;
				CLANG_WARN_BLOCK_CAPTURE_AUTORELEASING = YES;
				CLANG_WARN_BOOL_CONVERSION = YES;
				CLANG_WARN_COMMA = YES;
				CLANG_WARN_CONSTANT_CONVERSION = YES;
				CLANG_WARN_DEPRECATED_OBJC_IMPLEMENTATIONS = YES;
				CLANG_WARN_DIRECT_OBJC_ISA_USAGE = YES_ERROR;
				CLANG_WARN_DOCUMENTATION_COMMENTS = YES;
				CLANG_WARN_EMPTY_BODY = YES;
				CLANG_WARN_ENUM_CONVERSION = YES;
				CLANG_WARN_INFINITE_RECURSION = YES;
				CLANG_WARN_INT_CONVERSION = YES;
				CLANG_WARN_NON_LITERAL_NULL_CONVERSION = YES;
				CLANG_WARN_OBJC_IMPLICIT_RETAIN_SELF = YES;
				CLANG_WARN_OBJC_LITERAL_CONVERSION = YES;
				CLANG_WARN_OBJC_ROOT_CLASS = YES_ERROR;
				CLANG_WARN_RANGE_LOOP_ANALYSIS = YES;
				CLANG_WARN_STRICT_PROTOTYPES = YES;
				CLANG_WARN_SUSPICIOUS_MOVE = YES;
				CLANG_WARN_UNGUARDED_AVAILABILITY = YES_AGGRESSIVE;
				CLANG_WARN_UNREACHABLE_CODE = YES;
				CLANG_WARN__DUPLICATE_METHOD_MATCH = YES;
				COPY_PHASE_STRIP = NO;
				DEBUG_INFORMATION_FORMAT = "dwarf-with-dsym";
				ENABLE_NS_ASSERTIONS = NO;
				ENABLE_STRICT_OBJC_MSGSEND = YES;
				GCC_C_LANGUAGE_STANDARD = gnu11;
				GCC_NO_COMMON_BLOCKS = YES;
				GCC_WARN_64_TO_32_BIT_CONVERSION = YES;
				GCC_WARN_ABOUT_RETURN_TYPE = YES_ERROR;
				GCC_WARN_UNDECLARED_SELECTOR = YES;
				GCC_WARN_UNINITIALIZED_AUTOS = YES_AGGRESSIVE;
				GCC_WARN_UNUSED_FUNCTION = YES;
				GCC_WARN_UNUSED_VARIABLE = YES;
				IPHONEOS_DEPLOYMENT_TARGET = 13.1;
				MTL_ENABLE_DEBUG_INFO = NO;
				MTL_FAST_MATH = YES;
				SDKROOT = iphoneos;
				VALIDATE_PRODUCT = YES;
			};
			name = Release;
		};
		E7C6BBAA236AE7D0002B77E8 /* Debug */ = {
			isa = XCBuildConfiguration;
			buildSettings = {
				ASSETCATALOG_COMPILER_APPICON_NAME = AppIcon;
				CODE_SIGN_STYLE = Automatic;
				DEVELOPMENT_TEAM = XVGRF7G62B;
				INFOPLIST_FILE = PresentView/Info.plist;
				IPHONEOS_DEPLOYMENT_TARGET = 8.0;
				LD_RUNPATH_SEARCH_PATHS = (
					"$(inherited)",
					"@executable_path/Frameworks",
				);
				PRODUCT_BUNDLE_IDENTIFIER = com.gaor.PresentView1;
				PRODUCT_NAME = "$(TARGET_NAME)";
				TARGETED_DEVICE_FAMILY = "1,2";
			};
			name = Debug;
		};
		E7C6BBAB236AE7D0002B77E8 /* Release */ = {
			isa = XCBuildConfiguration;
			buildSettings = {
				ASSETCATALOG_COMPILER_APPICON_NAME = AppIcon;
				CODE_SIGN_STYLE = Automatic;
				DEVELOPMENT_TEAM = XVGRF7G62B;
				INFOPLIST_FILE = PresentView/Info.plist;
				IPHONEOS_DEPLOYMENT_TARGET = 8.0;
				LD_RUNPATH_SEARCH_PATHS = (
					"$(inherited)",
					"@executable_path/Frameworks",
				);
				PRODUCT_BUNDLE_IDENTIFIER = com.gaor.PresentView1;
				PRODUCT_NAME = "$(TARGET_NAME)";
				TARGETED_DEVICE_FAMILY = "1,2";
			};
			name = Release;
		};
		E7C6BBAD236AE7D0002B77E8 /* Debug */ = {
			isa = XCBuildConfiguration;
			buildSettings = {
				BUNDLE_LOADER = "$(TEST_HOST)";
				CODE_SIGN_STYLE = Automatic;
				DEVELOPMENT_TEAM = 8YL62FLF2X;
				INFOPLIST_FILE = PresentViewTests/Info.plist;
				IPHONEOS_DEPLOYMENT_TARGET = 13.1;
				LD_RUNPATH_SEARCH_PATHS = (
					"$(inherited)",
					"@executable_path/Frameworks",
					"@loader_path/Frameworks",
				);
				PRODUCT_BUNDLE_IDENTIFIER = com.gaor.PresentViewTests;
				PRODUCT_NAME = "$(TARGET_NAME)";
				TARGETED_DEVICE_FAMILY = "1,2";
				TEST_HOST = "$(BUILT_PRODUCTS_DIR)/PresentView.app/PresentView";
			};
			name = Debug;
		};
		E7C6BBAE236AE7D0002B77E8 /* Release */ = {
			isa = XCBuildConfiguration;
			buildSettings = {
				BUNDLE_LOADER = "$(TEST_HOST)";
				CODE_SIGN_STYLE = Automatic;
				DEVELOPMENT_TEAM = 8YL62FLF2X;
				INFOPLIST_FILE = PresentViewTests/Info.plist;
				IPHONEOS_DEPLOYMENT_TARGET = 13.1;
				LD_RUNPATH_SEARCH_PATHS = (
					"$(inherited)",
					"@executable_path/Frameworks",
					"@loader_path/Frameworks",
				);
				PRODUCT_BUNDLE_IDENTIFIER = com.gaor.PresentViewTests;
				PRODUCT_NAME = "$(TARGET_NAME)";
				TARGETED_DEVICE_FAMILY = "1,2";
				TEST_HOST = "$(BUILT_PRODUCTS_DIR)/PresentView.app/PresentView";
			};
			name = Release;
		};
		E7C6BBB0236AE7D0002B77E8 /* Debug */ = {
			isa = XCBuildConfiguration;
			buildSettings = {
				CODE_SIGN_STYLE = Automatic;
				DEVELOPMENT_TEAM = 8YL62FLF2X;
				INFOPLIST_FILE = PresentViewUITests/Info.plist;
				LD_RUNPATH_SEARCH_PATHS = (
					"$(inherited)",
					"@executable_path/Frameworks",
					"@loader_path/Frameworks",
				);
				PRODUCT_BUNDLE_IDENTIFIER = com.gaor.PresentViewUITests;
				PRODUCT_NAME = "$(TARGET_NAME)";
				TARGETED_DEVICE_FAMILY = "1,2";
				TEST_TARGET_NAME = PresentView;
			};
			name = Debug;
		};
		E7C6BBB1236AE7D0002B77E8 /* Release */ = {
			isa = XCBuildConfiguration;
			buildSettings = {
				CODE_SIGN_STYLE = Automatic;
				DEVELOPMENT_TEAM = 8YL62FLF2X;
				INFOPLIST_FILE = PresentViewUITests/Info.plist;
				LD_RUNPATH_SEARCH_PATHS = (
					"$(inherited)",
					"@executable_path/Frameworks",
					"@loader_path/Frameworks",
				);
				PRODUCT_BUNDLE_IDENTIFIER = com.gaor.PresentViewUITests;
				PRODUCT_NAME = "$(TARGET_NAME)";
				TARGETED_DEVICE_FAMILY = "1,2";
				TEST_TARGET_NAME = PresentView;
			};
			name = Release;
		};
/* End XCBuildConfiguration section */

/* Begin XCConfigurationList section */
		E7C6BB75236AE7CE002B77E8 /* Build configuration list for PBXProject "PresentView" */ = {
			isa = XCConfigurationList;
			buildConfigurations = (
				E7C6BBA7236AE7D0002B77E8 /* Debug */,
				E7C6BBA8236AE7D0002B77E8 /* Release */,
			);
			defaultConfigurationIsVisible = 0;
			defaultConfigurationName = Release;
		};
		E7C6BBA9236AE7D0002B77E8 /* Build configuration list for PBXNativeTarget "PresentView" */ = {
			isa = XCConfigurationList;
			buildConfigurations = (
				E7C6BBAA236AE7D0002B77E8 /* Debug */,
				E7C6BBAB236AE7D0002B77E8 /* Release */,
			);
			defaultConfigurationIsVisible = 0;
			defaultConfigurationName = Release;
		};
		E7C6BBAC236AE7D0002B77E8 /* Build configuration list for PBXNativeTarget "PresentViewTests" */ = {
			isa = XCConfigurationList;
			buildConfigurations = (
				E7C6BBAD236AE7D0002B77E8 /* Debug */,
				E7C6BBAE236AE7D0002B77E8 /* Release */,
			);
			defaultConfigurationIsVisible = 0;
			defaultConfigurationName = Release;
		};
		E7C6BBAF236AE7D0002B77E8 /* Build configuration list for PBXNativeTarget "PresentViewUITests" */ = {
			isa = XCConfigurationList;
			buildConfigurations = (
				E7C6BBB0236AE7D0002B77E8 /* Debug */,
				E7C6BBB1236AE7D0002B77E8 /* Release */,
			);
			defaultConfigurationIsVisible = 0;
			defaultConfigurationName = Release;
		};
/* End XCConfigurationList section */
	};
	rootObject = E7C6BB72236AE7CE002B77E8 /* Project object */;
}
